
Microsoft Visual Studio Solution File, Format Version 12.00
# Visual Studio Version 17
VisualStudioVersion = 17.10.34916.146
MinimumVisualStudioVersion = 10.0.40219.1
Project("{9A19103F-16F7-4668-BE54-9A1E7A4F7556}") = "LibrarySystem", "LibrarySystem\LibrarySystem.csproj", "{9710011C-FC3B-48FA-AC73-8216FDE99642}"
EndProject
Project("{FAE04EC0-301F-11D3-BF4B-00C04F79EFBC}") = "DAL", "DAL\DAL.csproj", "{CD84F4E8-4FEE-44A9-A47E-BB61C4D92105}"
EndProject
Project("{FAE04EC0-301F-11D3-BF4B-00C04F79EFBC}") = "BLL", "BLL\BLL.csproj", "{64B4F989-F5AB-4BBD-B9DF-8B9E3C7D23AA}"
EndProject
Global
	GlobalSection(SolutionConfigurationPlatforms) = preSolution
		Debug|Any CPU = Debug|Any CPU
		Release|Any CPU = Release|Any CPU
	EndGlobalSection
	GlobalSection(ProjectConfigurationPlatforms) = postSolution
		{9710011C-FC3B-48FA-AC73-8216FDE99642}.Debug|Any CPU.ActiveCfg = Debug|Any CPU
		{9710011C-FC3B-48FA-AC73-8216FDE99642}.Debug|Any CPU.Build.0 = Debug|Any CPU
		{9710011C-FC3B-48FA-AC73-8216FDE99642}.Release|Any CPU.ActiveCfg = Release|Any CPU
		{9710011C-FC3B-48FA-AC73-8216FDE99642}.Release|Any CPU.Build.0 = Release|Any CPU
		{CD84F4E8-4FEE-44A9-A47E-BB61C4D92105}.Debug|Any CPU.ActiveCfg = Debug|Any CPU
		{CD84F4E8-4FEE-44A9-A47E-BB61C4D92105}.Debug|Any CPU.Build.0 = Debug|Any CPU
		{CD84F4E8-4FEE-44A9-A47E-BB61C4D92105}.Release|Any CPU.ActiveCfg = Release|Any CPU
		{CD84F4E8-4FEE-44A9-A47E-BB61C4D92105}.Release|Any CPU.Build.0 = Release|Any CPU
		{64B4F989-F5AB-4BBD-B9DF-8B9E3C7D23AA}.Debug|Any CPU.ActiveCfg = Debug|Any CPU
		{64B4F989-F5AB-4BBD-B9DF-8B9E3C7D23AA}.Debug|Any CPU.Build.0 = Debug|Any CPU
		{64B4F989-F5AB-4BBD-B9DF-8B9E3C7D23AA}.Release|Any CPU.ActiveCfg = Release|Any CPU
		{64B4F989-F5AB-4BBD-B9DF-8B9E3C7D23AA}.Release|Any CPU.Build.0 = Release|Any CPU
	EndGlobalSection
	GlobalSection(SolutionProperties) = preSolution
		HideSolutionNode = FALSE
	EndGlobalSection
	GlobalSection(ExtensibilityGlobals) = postSolution
		SolutionGuid = {6B2B46A9-C7AC-48B5-B37C-1059CD87A24D}
	EndGlobalSection
EndGlobal
